// !$*UTF8*$!
{
	archiveVersion = 1;
	classes = {
	};
	objectVersion = 50;
	objects = {

/* Begin PBXBuildFile section */
		A516C74F2374EC5200D9605F /* PopOverDoctorDetailViewController.swift in Sources */ = {isa = PBXBuildFile; fileRef = A516C74E2374EC5200D9605F /* PopOverDoctorDetailViewController.swift */; };
		A5264CC32375FC3C0069CEA2 /* ImageCacheHelper.swift in Sources */ = {isa = PBXBuildFile; fileRef = A5264CC22375FC3C0069CEA2 /* ImageCacheHelper.swift */; };
		A55EDB752374C18200C2B255 /* DoctorCell.swift in Sources */ = {isa = PBXBuildFile; fileRef = A55EDB742374C18200C2B255 /* DoctorCell.swift */; };
		A56A39302373992B008FC4E9 /* AppDelegate.swift in Sources */ = {isa = PBXBuildFile; fileRef = A56A392F2373992B008FC4E9 /* AppDelegate.swift */; };
		A56A39322373992B008FC4E9 /* SceneDelegate.swift in Sources */ = {isa = PBXBuildFile; fileRef = A56A39312373992B008FC4E9 /* SceneDelegate.swift */; };
		A56A39372373992B008FC4E9 /* Main.storyboard in Resources */ = {isa = PBXBuildFile; fileRef = A56A39352373992B008FC4E9 /* Main.storyboard */; };
		A56A393A2373992B008FC4E9 /* DoctorsModel.xcdatamodeld in Sources */ = {isa = PBXBuildFile; fileRef = A56A39382373992B008FC4E9 /* DoctorsModel.xcdatamodeld */; };
		A56A393C2373992C008FC4E9 /* Assets.xcassets in Resources */ = {isa = PBXBuildFile; fileRef = A56A393B2373992C008FC4E9 /* Assets.xcassets */; };
		A56A394A2373992C008FC4E9 /* Celo_Tech_InterviewTests.swift in Sources */ = {isa = PBXBuildFile; fileRef = A56A39492373992C008FC4E9 /* Celo_Tech_InterviewTests.swift */; };
		A56A395523739B60008FC4E9 /* DoctorsTableViewController.swift in Sources */ = {isa = PBXBuildFile; fileRef = A56A395423739B60008FC4E9 /* DoctorsTableViewController.swift */; };
		A56A395723739F77008FC4E9 /* DataRequest.swift in Sources */ = {isa = PBXBuildFile; fileRef = A56A395623739F77008FC4E9 /* DataRequest.swift */; };
		A56A39592373A16B008FC4E9 /* DataFromJSON.swift in Sources */ = {isa = PBXBuildFile; fileRef = A56A39582373A16B008FC4E9 /* DataFromJSON.swift */; };
		A56A395B2373C1A4008FC4E9 /* DataToDB.swift in Sources */ = {isa = PBXBuildFile; fileRef = A56A395A2373C1A4008FC4E9 /* DataToDB.swift */; };
		A5E0FED8237753E90088E7B3 /* LaunchScreen.storyboard in Resources */ = {isa = PBXBuildFile; fileRef = A5E0FED7237753E90088E7B3 /* LaunchScreen.storyboard */; };
/* End PBXBuildFile section */

/* Begin PBXContainerItemProxy section */
		A56A39462373992C008FC4E9 /* PBXContainerItemProxy */ = {
			isa = PBXContainerItemProxy;
			containerPortal = A56A39242373992B008FC4E9 /* Project object */;
			proxyType = 1;
			remoteGlobalIDString = A56A392B2373992B008FC4E9;
			remoteInfo = "Celo Tech Interview";
		};
/* End PBXContainerItemProxy section */

/* Begin PBXFileReference section */
		A516C74E2374EC5200D9605F /* PopOverDoctorDetailViewController.swift */ = {isa = PBXFileReference; lastKnownFileType = sourcecode.swift; path = PopOverDoctorDetailViewController.swift; sourceTree = "<group>"; };
		A5264CC22375FC3C0069CEA2 /* ImageCacheHelper.swift */ = {isa = PBXFileReference; lastKnownFileType = sourcecode.swift; path = ImageCacheHelper.swift; sourceTree = "<group>"; };
		A55EDB742374C18200C2B255 /* DoctorCell.swift */ = {isa = PBXFileReference; lastKnownFileType = sourcecode.swift; path = DoctorCell.swift; sourceTree = "<group>"; };
		A56A392C2373992B008FC4E9 /* EllenTech.app */ = {isa = PBXFileReference; explicitFileType = wrapper.application; includeInIndex = 0; path = EllenTech.app; sourceTree = BUILT_PRODUCTS_DIR; };
		A56A392F2373992B008FC4E9 /* AppDelegate.swift */ = {isa = PBXFileReference; lastKnownFileType = sourcecode.swift; path = AppDelegate.swift; sourceTree = "<group>"; };
		A56A39312373992B008FC4E9 /* SceneDelegate.swift */ = {isa = PBXFileReference; lastKnownFileType = sourcecode.swift; path = SceneDelegate.swift; sourceTree = "<group>"; };
		A56A39362373992B008FC4E9 /* Base */ = {isa = PBXFileReference; lastKnownFileType = file.storyboard; name = Base; path = Base.lproj/Main.storyboard; sourceTree = "<group>"; };
		A56A39392373992B008FC4E9 /* Celo_Tech_Interview.xcdatamodel */ = {isa = PBXFileReference; lastKnownFileType = wrapper.xcdatamodel; path = Celo_Tech_Interview.xcdatamodel; sourceTree = "<group>"; };
		A56A393B2373992C008FC4E9 /* Assets.xcassets */ = {isa = PBXFileReference; lastKnownFileType = folder.assetcatalog; path = Assets.xcassets; sourceTree = "<group>"; };
		A56A39402373992C008FC4E9 /* Info.plist */ = {isa = PBXFileReference; lastKnownFileType = text.plist.xml; path = Info.plist; sourceTree = "<group>"; };
		A56A39452373992C008FC4E9 /* Celo Tech InterviewTests.xctest */ = {isa = PBXFileReference; explicitFileType = wrapper.cfbundle; includeInIndex = 0; path = "Celo Tech InterviewTests.xctest"; sourceTree = BUILT_PRODUCTS_DIR; };
		A56A39492373992C008FC4E9 /* Celo_Tech_InterviewTests.swift */ = {isa = PBXFileReference; lastKnownFileType = sourcecode.swift; path = Celo_Tech_InterviewTests.swift; sourceTree = "<group>"; };
		A56A394B2373992C008FC4E9 /* Info.plist */ = {isa = PBXFileReference; lastKnownFileType = text.plist.xml; path = Info.plist; sourceTree = "<group>"; };
		A56A395423739B60008FC4E9 /* DoctorsTableViewController.swift */ = {isa = PBXFileReference; lastKnownFileType = sourcecode.swift; path = DoctorsTableViewController.swift; sourceTree = "<group>"; };
		A56A395623739F77008FC4E9 /* DataRequest.swift */ = {isa = PBXFileReference; lastKnownFileType = sourcecode.swift; path = DataRequest.swift; sourceTree = "<group>"; };
		A56A39582373A16B008FC4E9 /* DataFromJSON.swift */ = {isa = PBXFileReference; lastKnownFileType = sourcecode.swift; path = DataFromJSON.swift; sourceTree = "<group>"; };
		A56A395A2373C1A4008FC4E9 /* DataToDB.swift */ = {isa = PBXFileReference; lastKnownFileType = sourcecode.swift; path = DataToDB.swift; sourceTree = "<group>"; };
		A5E0FED7237753E90088E7B3 /* LaunchScreen.storyboard */ = {isa = PBXFileReference; lastKnownFileType = file.storyboard; name = LaunchScreen.storyboard; path = "Celo Tech Interview/Views/LaunchScreen.storyboard"; sourceTree = SOURCE_ROOT; };
/* End PBXFileReference section */

/* Begin PBXFrameworksBuildPhase section */
		A56A39292373992B008FC4E9 /* Frameworks */ = {
			isa = PBXFrameworksBuildPhase;
			buildActionMask = 2147483647;
			files = (
			);
			runOnlyForDeploymentPostprocessing = 0;
		};
		A56A39422373992C008FC4E9 /* Frameworks */ = {
			isa = PBXFrameworksBuildPhase;
			buildActionMask = 2147483647;
			files = (
			);
			runOnlyForDeploymentPostprocessing = 0;
		};
/* End PBXFrameworksBuildPhase section */

/* Begin PBXGroup section */
		A56A39232373992B008FC4E9 = {
			isa = PBXGroup;
			children = (
				A56A392E2373992B008FC4E9 /* Celo Tech Interview */,
				A56A39482373992C008FC4E9 /* Celo Tech InterviewTests */,
				A56A392D2373992B008FC4E9 /* Products */,
			);
			sourceTree = "<group>";
		};
		A56A392D2373992B008FC4E9 /* Products */ = {
			isa = PBXGroup;
			children = (
				A56A392C2373992B008FC4E9 /* EllenTech.app */,
				A56A39452373992C008FC4E9 /* Celo Tech InterviewTests.xctest */,
			);
			name = Products;
			sourceTree = "<group>";
		};
		A56A392E2373992B008FC4E9 /* Celo Tech Interview */ = {
			isa = PBXGroup;
			children = (
				A56A39402373992C008FC4E9 /* Info.plist */,
				A56A39662373DC54008FC4E9 /* SupportingFiles */,
				A56A39652373DC1C008FC4E9 /* Models */,
				A56A39642373DBFC008FC4E9 /* Views */,
				A56A39632373DBE9008FC4E9 /* Helper */,
				A56A392F2373992B008FC4E9 /* AppDelegate.swift */,
				A56A39622373DBB3008FC4E9 /* Controllers */,
				A56A39312373992B008FC4E9 /* SceneDelegate.swift */,
			);
			path = "Celo Tech Interview";
			sourceTree = "<group>";
		};
		A56A39482373992C008FC4E9 /* Celo Tech InterviewTests */ = {
			isa = PBXGroup;
			children = (
				A56A39492373992C008FC4E9 /* Celo_Tech_InterviewTests.swift */,
				A56A394B2373992C008FC4E9 /* Info.plist */,
			);
			path = "Celo Tech InterviewTests";
			sourceTree = "<group>";
		};
		A56A39622373DBB3008FC4E9 /* Controllers */ = {
			isa = PBXGroup;
			children = (
				A516C74E2374EC5200D9605F /* PopOverDoctorDetailViewController.swift */,
				A56A395423739B60008FC4E9 /* DoctorsTableViewController.swift */,
			);
			path = Controllers;
			sourceTree = "<group>";
		};
		A56A39632373DBE9008FC4E9 /* Helper */ = {
			isa = PBXGroup;
			children = (
				A56A395A2373C1A4008FC4E9 /* DataToDB.swift */,
				A56A39582373A16B008FC4E9 /* DataFromJSON.swift */,
				A56A395623739F77008FC4E9 /* DataRequest.swift */,
				A5264CC22375FC3C0069CEA2 /* ImageCacheHelper.swift */,
			);
			path = Helper;
			sourceTree = "<group>";
		};
		A56A39642373DBFC008FC4E9 /* Views */ = {
			isa = PBXGroup;
			children = (
				A56A39352373992B008FC4E9 /* Main.storyboard */,
				A5E0FED7237753E90088E7B3 /* LaunchScreen.storyboard */,
				A55EDB742374C18200C2B255 /* DoctorCell.swift */,
			);
			path = Views;
			sourceTree = "<group>";
		};
		A56A39652373DC1C008FC4E9 /* Models */ = {
			isa = PBXGroup;
			children = (
				A56A39382373992B008FC4E9 /* DoctorsModel.xcdatamodeld */,
			);
			path = Models;
			sourceTree = "<group>";
		};
		A56A39662373DC54008FC4E9 /* SupportingFiles */ = {
			isa = PBXGroup;
			children = (
				A56A393B2373992C008FC4E9 /* Assets.xcassets */,
			);
			path = SupportingFiles;
			sourceTree = "<group>";
		};
/* End PBXGroup section */

/* Begin PBXNativeTarget section */
		A56A392B2373992B008FC4E9 /* Celo Tech Interview */ = {
			isa = PBXNativeTarget;
			buildConfigurationList = A56A394E2373992C008FC4E9 /* Build configuration list for PBXNativeTarget "Celo Tech Interview" */;
			buildPhases = (
				A56A39282373992B008FC4E9 /* Sources */,
				A56A39292373992B008FC4E9 /* Frameworks */,
				A56A392A2373992B008FC4E9 /* Resources */,
			);
			buildRules = (
			);
			dependencies = (
			);
			name = "Celo Tech Interview";
			productName = "Celo Tech Interview";
			productReference = A56A392C2373992B008FC4E9 /* EllenTech.app */;
			productType = "com.apple.product-type.application";
		};
		A56A39442373992C008FC4E9 /* Celo Tech InterviewTests */ = {
			isa = PBXNativeTarget;
			buildConfigurationList = A56A39512373992C008FC4E9 /* Build configuration list for PBXNativeTarget "Celo Tech InterviewTests" */;
			buildPhases = (
				A56A39412373992C008FC4E9 /* Sources */,
				A56A39422373992C008FC4E9 /* Frameworks */,
				A56A39432373992C008FC4E9 /* Resources */,
			);
			buildRules = (
			);
			dependencies = (
				A56A39472373992C008FC4E9 /* PBXTargetDependency */,
			);
			name = "Celo Tech InterviewTests";
			productName = "Celo Tech InterviewTests";
			productReference = A56A39452373992C008FC4E9 /* Celo Tech InterviewTests.xctest */;
			productType = "com.apple.product-type.bundle.unit-test";
		};
/* End PBXNativeTarget section */

/* Begin PBXProject section */
		A56A39242373992B008FC4E9 /* Project object */ = {
			isa = PBXProject;
			attributes = {
				LastSwiftUpdateCheck = 1120;
				LastUpgradeCheck = 1120;
				ORGANIZATIONNAME = "Ellen Zhang";
				TargetAttributes = {
					A56A392B2373992B008FC4E9 = {
						CreatedOnToolsVersion = 11.2;
					};
					A56A39442373992C008FC4E9 = {
						CreatedOnToolsVersion = 11.2;
						TestTargetID = A56A392B2373992B008FC4E9;
					};
				};
			};
			buildConfigurationList = A56A39272373992B008FC4E9 /* Build configuration list for PBXProject "Celo Tech Interview" */;
			compatibilityVersion = "Xcode 9.3";
			developmentRegion = en;
			hasScannedForEncodings = 0;
			knownRegions = (
				en,
				Base,
			);
			mainGroup = A56A39232373992B008FC4E9;
			productRefGroup = A56A392D2373992B008FC4E9 /* Products */;
			projectDirPath = "";
			projectRoot = "";
			targets = (
				A56A392B2373992B008FC4E9 /* Celo Tech Interview */,
				A56A39442373992C008FC4E9 /* Celo Tech InterviewTests */,
			);
		};
/* End PBXProject section */

/* Begin PBXResourcesBuildPhase section */
		A56A392A2373992B008FC4E9 /* Resources */ = {
			isa = PBXResourcesBuildPhase;
			buildActionMask = 2147483647;
			files = (
				A56A393C2373992C008FC4E9 /* Assets.xcassets in Resources */,
				A5E0FED8237753E90088E7B3 /* LaunchScreen.storyboard in Resources */,
				A56A39372373992B008FC4E9 /* Main.storyboard in Resources */,
			);
			runOnlyForDeploymentPostprocessing = 0;
		};
		A56A39432373992C008FC4E9 /* Resources */ = {
			isa = PBXResourcesBuildPhase;
			buildActionMask = 2147483647;
			files = (
			);
			runOnlyForDeploymentPostprocessing = 0;
		};
/* End PBXResourcesBuildPhase section */

/* Begin PBXSourcesBuildPhase section */
		A56A39282373992B008FC4E9 /* Sources */ = {
			isa = PBXSourcesBuildPhase;
			buildActionMask = 2147483647;
			files = (
				A55EDB752374C18200C2B255 /* DoctorCell.swift in Sources */,
				A56A393A2373992B008FC4E9 /* DoctorsModel.xcdatamodeld in Sources */,
				A56A395B2373C1A4008FC4E9 /* DataToDB.swift in Sources */,
				A56A39302373992B008FC4E9 /* AppDelegate.swift in Sources */,
				A516C74F2374EC5200D9605F /* PopOverDoctorDetailViewController.swift in Sources */,
				A56A395523739B60008FC4E9 /* DoctorsTableViewController.swift in Sources */,
				A56A395723739F77008FC4E9 /* DataRequest.swift in Sources */,
				A5264CC32375FC3C0069CEA2 /* ImageCacheHelper.swift in Sources */,
				A56A39592373A16B008FC4E9 /* DataFromJSON.swift in Sources */,
				A56A39322373992B008FC4E9 /* SceneDelegate.swift in Sources */,
			);
			runOnlyForDeploymentPostprocessing = 0;
		};
		A56A39412373992C008FC4E9 /* Sources */ = {
			isa = PBXSourcesBuildPhase;
			buildActionMask = 2147483647;
			files = (
				A56A394A2373992C008FC4E9 /* Celo_Tech_InterviewTests.swift in Sources */,
			);
			runOnlyForDeploymentPostprocessing = 0;
		};
/* End PBXSourcesBuildPhase section */

/* Begin PBXTargetDependency section */
		A56A39472373992C008FC4E9 /* PBXTargetDependency */ = {
			isa = PBXTargetDependency;
			target = A56A392B2373992B008FC4E9 /* Celo Tech Interview */;
			targetProxy = A56A39462373992C008FC4E9 /* PBXContainerItemProxy */;
		};
/* End PBXTargetDependency section */

/* Begin PBXVariantGroup section */
		A56A39352373992B008FC4E9 /* Main.storyboard */ = {
			isa = PBXVariantGroup;
			children = (
				A56A39362373992B008FC4E9 /* Base */,
			);
			name = Main.storyboard;
			sourceTree = "<group>";
		};
/* End PBXVariantGroup section */

/* Begin XCBuildConfiguration section */
		A56A394C2373992C008FC4E9 /* Debug */ = {
			isa = XCBuildConfiguration;
			buildSettings = {
				ALWAYS_SEARCH_USER_PATHS = NO;
				CLANG_ANALYZER_NONNULL = YES;
				CLANG_ANALYZER_NUMBER_OBJECT_CONVERSION = YES_AGGRESSIVE;
				CLANG_CXX_LANGUAGE_STANDARD = "gnu++14";
				CLANG_CXX_LIBRARY = "libc++";
				CLANG_ENABLE_MODULES = YES;
				CLANG_ENABLE_OBJC_ARC = YES;
				CLANG_ENABLE_OBJC_WEAK = YES;
				CLANG_WARN_BLOCK_CAPTURE_AUTORELEASING = YES;
				CLANG_WARN_BOOL_CONVERSION = YES;
				CLANG_WARN_COMMA = YES;
				CLANG_WARN_CONSTANT_CONVERSION = YES;
				CLANG_WARN_DEPRECATED_OBJC_IMPLEMENTATIONS = YES;
				CLANG_WARN_DIRECT_OBJC_ISA_USAGE = YES_ERROR;
				CLANG_WARN_DOCUMENTATION_COMMENTS = YES;
				CLANG_WARN_EMPTY_BODY = YES;
				CLANG_WARN_ENUM_CONVERSION = YES;
				CLANG_WARN_INFINITE_RECURSION = YES;
				CLANG_WARN_INT_CONVERSION = YES;
				CLANG_WARN_NON_LITERAL_NULL_CONVERSION = YES;
				CLANG_WARN_OBJC_IMPLICIT_RETAIN_SELF = YES;
				CLANG_WARN_OBJC_LITERAL_CONVERSION = YES;
				CLANG_WARN_OBJC_ROOT_CLASS = YES_ERROR;
				CLANG_WARN_RANGE_LOOP_ANALYSIS = YES;
				CLANG_WARN_STRICT_PROTOTYPES = YES;
				CLANG_WARN_SUSPICIOUS_MOVE = YES;
				CLANG_WARN_UNGUARDED_AVAILABILITY = YES_AGGRESSIVE;
				CLANG_WARN_UNREACHABLE_CODE = YES;
				CLANG_WARN__DUPLICATE_METHOD_MATCH = YES;
				COPY_PHASE_STRIP = NO;
				DEBUG_INFORMATION_FORMAT = dwarf;
				ENABLE_STRICT_OBJC_MSGSEND = YES;
				ENABLE_TESTABILITY = YES;
				GCC_C_LANGUAGE_STANDARD = gnu11;
				GCC_DYNAMIC_NO_PIC = NO;
				GCC_NO_COMMON_BLOCKS = YES;
				GCC_OPTIMIZATION_LEVEL = 0;
				GCC_PREPROCESSOR_DEFINITIONS = (
					"DEBUG=1",
					"$(inherited)",
				);
				GCC_WARN_64_TO_32_BIT_CONVERSION = YES;
				GCC_WARN_ABOUT_RETURN_TYPE = YES_ERROR;
				GCC_WARN_UNDECLARED_SELECTOR = YES;
				GCC_WARN_UNINITIALIZED_AUTOS = YES_AGGRESSIVE;
				GCC_WARN_UNUSED_FUNCTION = YES;
				GCC_WARN_UNUSED_VARIABLE = YES;
				IPHONEOS_DEPLOYMENT_TARGET = 13.2;
				MTL_ENABLE_DEBUG_INFO = INCLUDE_SOURCE;
				MTL_FAST_MATH = YES;
				ONLY_ACTIVE_ARCH = YES;
				SDKROOT = iphoneos;
				SWIFT_ACTIVE_COMPILATION_CONDITIONS = DEBUG;
				SWIFT_OPTIMIZATION_LEVEL = "-Onone";
			};
			name = Debug;
		};
		A56A394D2373992C008FC4E9 /* Release */ = {
			isa = XCBuildConfiguration;
			buildSettings = {
				ALWAYS_SEARCH_USER_PATHS = NO;
				CLANG_ANALYZER_NONNULL = YES;
				CLANG_ANALYZER_NUMBER_OBJECT_CONVERSION = YES_AGGRESSIVE;
				CLANG_CXX_LANGUAGE_STANDARD = "gnu++14";
				CLANG_CXX_LIBRARY = "libc++";
				CLANG_ENABLE_MODULES = YES;
				CLANG_ENABLE_OBJC_ARC = YES;
				CLANG_ENABLE_OBJC_WEAK = YES;
				CLANG_WARN_BLOCK_CAPTURE_AUTORELEASING = YES;
				CLANG_WARN_BOOL_CONVERSION = YES;
				CLANG_WARN_COMMA = YES;
				CLANG_WARN_CONSTANT_CONVERSION = YES;
				CLANG_WARN_DEPRECATED_OBJC_IMPLEMENTATIONS = YES;
				CLANG_WARN_DIRECT_OBJC_ISA_USAGE = YES_ERROR;
				CLANG_WARN_DOCUMENTATION_COMMENTS = YES;
				CLANG_WARN_EMPTY_BODY = YES;
				CLANG_WARN_ENUM_CONVERSION = YES;
				CLANG_WARN_INFINITE_RECURSION = YES;
				CLANG_WARN_INT_CONVERSION = YES;
				CLANG_WARN_NON_LITERAL_NULL_CONVERSION = YES;
				CLANG_WARN_OBJC_IMPLICIT_RETAIN_SELF = YES;
				CLANG_WARN_OBJC_LITERAL_CONVERSION = YES;
				CLANG_WARN_OBJC_ROOT_CLASS = YES_ERROR;
				CLANG_WARN_RANGE_LOOP_ANALYSIS = YES;
				CLANG_WARN_STRICT_PROTOTYPES = YES;
				CLANG_WARN_SUSPICIOUS_MOVE = YES;
				CLANG_WARN_UNGUARDED_AVAILABILITY = YES_AGGRESSIVE;
				CLANG_WARN_UNREACHABLE_CODE = YES;
				CLANG_WARN__DUPLICATE_METHOD_MATCH = YES;
				COPY_PHASE_STRIP = NO;
				DEBUG_INFORMATION_FORMAT = "dwarf-with-dsym";
				ENABLE_NS_ASSERTIONS = NO;
				ENABLE_STRICT_OBJC_MSGSEND = YES;
				GCC_C_LANGUAGE_STANDARD = gnu11;
				GCC_NO_COMMON_BLOCKS = YES;
				GCC_WARN_64_TO_32_BIT_CONVERSION = YES;
				GCC_WARN_ABOUT_RETURN_TYPE = YES_ERROR;
				GCC_WARN_UNDECLARED_SELECTOR = YES;
				GCC_WARN_UNINITIALIZED_AUTOS = YES_AGGRESSIVE;
				GCC_WARN_UNUSED_FUNCTION = YES;
				GCC_WARN_UNUSED_VARIABLE = YES;
				IPHONEOS_DEPLOYMENT_TARGET = 13.2;
				MTL_ENABLE_DEBUG_INFO = NO;
				MTL_FAST_MATH = YES;
				SDKROOT = iphoneos;
				SWIFT_COMPILATION_MODE = wholemodule;
				SWIFT_OPTIMIZATION_LEVEL = "-O";
				VALIDATE_PRODUCT = YES;
			};
			name = Release;
		};
		A56A394F2373992C008FC4E9 /* Debug */ = {
			isa = XCBuildConfiguration;
			buildSettings = {
				ASSETCATALOG_COMPILER_APPICON_NAME = AppIcon;
				CODE_SIGN_IDENTITY = "Apple Development";
				CODE_SIGN_STYLE = Automatic;
				DEVELOPMENT_TEAM = GUU2VGT373;
				INFOPLIST_FILE = "Celo Tech Interview/Info.plist";
				LD_RUNPATH_SEARCH_PATHS = (
					"$(inherited)",
					"@executable_path/Frameworks",
				);
				PRODUCT_BUNDLE_IDENTIFIER = "com.ellenzhang.Celo-Tech-Interview";
				PRODUCT_NAME = EllenTech;
				PROVISIONING_PROFILE_SPECIFIER = "";
				SWIFT_VERSION = 5.0;
				TARGETED_DEVICE_FAMILY = 1;
			};
			name = Debug;
		};
		A56A39502373992C008FC4E9 /* Release */ = {
			isa = XCBuildConfiguration;
			buildSettings = {
				ASSETCATALOG_COMPILER_APPICON_NAME = AppIcon;
				CODE_SIGN_IDENTITY = "Apple Development";
				CODE_SIGN_STYLE = Automatic;
				DEVELOPMENT_TEAM = GUU2VGT373;
				INFOPLIST_FILE = "Celo Tech Interview/Info.plist";
				LD_RUNPATH_SEARCH_PATHS = (
					"$(inherited)",
					"@executable_path/Frameworks",
				);
				PRODUCT_BUNDLE_IDENTIFIER = "com.ellenzhang.Celo-Tech-Interview";
				PRODUCT_NAME = EllenTech;
				PROVISIONING_PROFILE_SPECIFIER = "";
				SWIFT_VERSION = 5.0;
				TARGETED_DEVICE_FAMILY = 1;
			};
			name = Release;
		};
		A56A39522373992C008FC4E9 /* Debug */ = {
			isa = XCBuildConfiguration;
			buildSettings = {
				ALWAYS_EMBED_SWIFT_STANDARD_LIBRARIES = YES;
				BUNDLE_LOADER = "$(TEST_HOST)";
				CODE_SIGN_STYLE = Automatic;
				DEVELOPMENT_TEAM = GUU2VGT373;
				INFOPLIST_FILE = "Celo Tech InterviewTests/Info.plist";
				IPHONEOS_DEPLOYMENT_TARGET = 13.2;
				LD_RUNPATH_SEARCH_PATHS = (
					"$(inherited)",
					"@executable_path/Frameworks",
					"@loader_path/Frameworks",
				);
				PRODUCT_BUNDLE_IDENTIFIER = "com.ellenzhang.Celo-Tech-InterviewTests";
				PRODUCT_NAME = "$(TARGET_NAME)";
				SWIFT_VERSION = 5.0;
				TARGETED_DEVICE_FAMILY = "1,2";
				TEST_HOST = "$(BUILT_PRODUCTS_DIR)/Celo Tech Interview.app/Celo Tech Interview";
			};
			name = Debug;
		};
		A56A39532373992C008FC4E9 /* Release */ = {
			isa = XCBuildConfiguration;
			buildSettings = {
				ALWAYS_EMBED_SWIFT_STANDARD_LIBRARIES = YES;
				BUNDLE_LOADER = "$(TEST_HOST)";
				CODE_SIGN_STYLE = Automatic;
				DEVELOPMENT_TEAM = GUU2VGT373;
				INFOPLIST_FILE = "Celo Tech InterviewTests/Info.plist";
				IPHONEOS_DEPLOYMENT_TARGET = 13.2;
				LD_RUNPATH_SEARCH_PATHS = (
					"$(inherited)",
					"@executable_path/Frameworks",
					"@loader_path/Frameworks",
				);
				PRODUCT_BUNDLE_IDENTIFIER = "com.ellenzhang.Celo-Tech-InterviewTests";
				PRODUCT_NAME = "$(TARGET_NAME)";
				SWIFT_VERSION = 5.0;
				TARGETED_DEVICE_FAMILY = "1,2";
				TEST_HOST = "$(BUILT_PRODUCTS_DIR)/Celo Tech Interview.app/Celo Tech Interview";
			};
			name = Release;
		};
/* End XCBuildConfiguration section */

/* Begin XCConfigurationList section */
		A56A39272373992B008FC4E9 /* Build configuration list for PBXProject "Celo Tech Interview" */ = {
			isa = XCConfigurationList;
			buildConfigurations = (
				A56A394C2373992C008FC4E9 /* Debug */,
				A56A394D2373992C008FC4E9 /* Release */,
			);
			defaultConfigurationIsVisible = 0;
			defaultConfigurationName = Release;
		};
		A56A394E2373992C008FC4E9 /* Build configuration list for PBXNativeTarget "Celo Tech Interview" */ = {
			isa = XCConfigurationList;
			buildConfigurations = (
				A56A394F2373992C008FC4E9 /* Debug */,
				A56A39502373992C008FC4E9 /* Release */,
			);
			defaultConfigurationIsVisible = 0;
			defaultConfigurationName = Release;
		};
		A56A39512373992C008FC4E9 /* Build configuration list for PBXNativeTarget "Celo Tech InterviewTests" */ = {
			isa = XCConfigurationList;
			buildConfigurations = (
				A56A39522373992C008FC4E9 /* Debug */,
				A56A39532373992C008FC4E9 /* Release */,
			);
			defaultConfigurationIsVisible = 0;
			defaultConfigurationName = Release;
		};
/* End XCConfigurationList section */

/* Begin XCVersionGroup section */
		A56A39382373992B008FC4E9 /* DoctorsModel.xcdatamodeld */ = {
			isa = XCVersionGroup;
			children = (
				A56A39392373992B008FC4E9 /* Celo_Tech_Interview.xcdatamodel */,
			);
			currentVersion = A56A39392373992B008FC4E9 /* Celo_Tech_Interview.xcdatamodel */;
			path = DoctorsModel.xcdatamodeld;
			sourceTree = "<group>";
			versionGroupType = wrapper.xcdatamodel;
		};
/* End XCVersionGroup section */
	};
	rootObject = A56A39242373992B008FC4E9 /* Project object */;
}
